
Microsoft Visual Studio Solution File, Format Version 12.00
# Visual Studio Version 17
VisualStudioVersion = 17.14.36310.24 d17.14
MinimumVisualStudioVersion = 10.0.40219.1
Project("{FAE04EC0-301F-11D3-BF4B-00C04F79EFBC}") = "ClassStructure", "ClassStructure.csproj", "{77CE221A-A8CD-2087-0B2E-EA23AA40316D}"
EndProject
Global
	GlobalSection(SolutionConfigurationPlatforms) = preSolution
		Debug|Any CPU = Debug|Any CPU
		Release|Any CPU = Release|Any CPU
	EndGlobalSection
	GlobalSection(ProjectConfigurationPlatforms) = postSolution
		{77CE221A-A8CD-2087-0B2E-EA23AA40316D}.Debug|Any CPU.ActiveCfg = Debug|Any CPU
		{77CE221A-A8CD-2087-0B2E-EA23AA40316D}.Debug|Any CPU.Build.0 = Debug|Any CPU
		{77CE221A-A8CD-2087-0B2E-EA23AA40316D}.Release|Any CPU.ActiveCfg = Release|Any CPU
		{77CE221A-A8CD-2087-0B2E-EA23AA40316D}.Release|Any CPU.Build.0 = Release|Any CPU
	EndGlobalSection
	GlobalSection(SolutionProperties) = preSolution
		HideSolutionNode = FALSE
	EndGlobalSection
	GlobalSection(ExtensibilityGlobals) = postSolution
		SolutionGuid = {B8DE5C34-7D0A-42B7-B6AC-34298BC111BA}
	EndGlobalSection
EndGlobal
